{
  "requires": true,
  "lockfileVersion": 1,
  "dependencies": {
    "scoetzee-palindrome": {
      "version": "0.2.0",
      "resolved": "https://registry.npmjs.org/scoetzee-palindrome/-/scoetzee-palindrome-0.2.0.tgz",
      "integrity": "sha512-ASz8OxhQzi2VHiosn35GQ/dKs8VnRCjW2Fz4UZ1+fzM1xRw0A38qDRX5brAzXKd8sa/7fJGbLjqndjs08xI7xg=="
    }
  }
}
