{
  "requires": true,
  "lockfileVersion": 1,
  "dependencies": {
    "scoetzee-palindrome": {
      "version": "0.1.0",
      "resolved": "https://registry.npmjs.org/scoetzee-palindrome/-/scoetzee-palindrome-0.1.0.tgz",
      "integrity": "sha512-BReSAtNe/JDY9T6RSdW/333qE9NFQrTWvpmRVZLnb/BrAaGQyROR1nU4kgtx/rw8sIqJrz/IrExfLVdARNFL/g=="
    }
  }
}
